lockfileVersion: 5.4

specifiers:
  chalk: ^5.3.0
  cli-table3: ^0.6.3
  commander: ^11.0.0
  dotenv: ^10.0.0
  filesize: ^10.0.12

dependencies:
  chalk: registry.npmjs.org/chalk/5.3.0
  cli-table3: registry.npmjs.org/cli-table3/0.6.3
  commander: registry.npmjs.org/commander/11.0.0
  dotenv: registry.npmjs.org/dotenv/10.0.0
  filesize: registry.npmjs.org/filesize/10.0.12

packages:

  registry.npmjs.org/@colors/colors/1.5.0:
    resolution: {integrity: sha512-ooWCrlZP11i8GImSjTHYHLkvFDP48nS4+204nGb1RiX/WXYHmJA2III9/e2DWVabCESdW7hBAEzHRqUn9OUVvQ==, registry: https://registry.yarnpkg.com/, tarball: https://registry.npmjs.org/@colors/colors/-/colors-1.5.0.tgz}
    name: '@colors/colors'
    version: 1.5.0
    engines: {node: '>=0.1.90'}
    requiresBuild: true
    dev: false
    optional: true

  registry.npmjs.org/ansi-regex/5.0.1:
    resolution: {integrity: sha512-quJQXlTSUGL2LH9SUXo8VwsY4soanhgo6LNSm84E1LBcE8s3O0wpdiRzyR9z/ZZJMlMWv37qOOb9pdJlMUEKFQ==, registry: https://registry.yarnpkg.com/, tarball: https://registry.npmjs.org/ansi-regex/-/ansi-regex-5.0.1.tgz}
    name: ansi-regex
    version: 5.0.1
    engines: {node: '>=8'}
    dev: false

  registry.npmjs.org/chalk/5.3.0:
    resolution: {integrity: sha512-dLitG79d+GV1Nb/VYcCDFivJeK1hiukt9QjRNVOsUtTy1rR1YJsmpGGTZ3qJos+uw7WmWF4wUwBd9jxjocFC2w==, registry: https://registry.yarnpkg.com/, tarball: https://registry.npmjs.org/chalk/-/chalk-5.3.0.tgz}
    name: chalk
    version: 5.3.0
    engines: {node: ^12.17.0 || ^14.13 || >=16.0.0}
    dev: false

  registry.npmjs.org/cli-table3/0.6.3:
    resolution: {integrity: sha512-w5Jac5SykAeZJKntOxJCrm63Eg5/4dhMWIcuTbo9rpE+brgaSZo0RuNJZeOyMgsUdhDeojvgyQLmjI+K50ZGyg==, registry: https://registry.yarnpkg.com/, tarball: https://registry.npmjs.org/cli-table3/-/cli-table3-0.6.3.tgz}
    name: cli-table3
    version: 0.6.3
    engines: {node: 10.* || >= 12.*}
    dependencies:
      string-width: registry.npmjs.org/string-width/4.2.3
    optionalDependencies:
      '@colors/colors': registry.npmjs.org/@colors/colors/1.5.0
    dev: false

  registry.npmjs.org/commander/11.0.0:
    resolution: {integrity: sha512-9HMlXtt/BNoYr8ooyjjNRdIilOTkVJXB+GhxMTtOKwk0R4j4lS4NpjuqmRxroBfnfTSHQIHQB7wryHhXarNjmQ==, registry: https://registry.yarnpkg.com/, tarball: https://registry.npmjs.org/commander/-/commander-11.0.0.tgz}
    name: commander
    version: 11.0.0
    engines: {node: '>=16'}
    dev: false

  registry.npmjs.org/dotenv/10.0.0:
    resolution: {integrity: sha512-rlBi9d8jpv9Sf1klPjNfFAuWDjKLwTIJJ/VxtoTwIR6hnZxcEOQCZg2oIL3MWBYw5GpUDKOEnND7LXTbIpQ03Q==, registry: https://registry.yarnpkg.com/, tarball: https://registry.npmjs.org/dotenv/-/dotenv-10.0.0.tgz}
    name: dotenv
    version: 10.0.0
    engines: {node: '>=10'}
    dev: false

  registry.npmjs.org/emoji-regex/8.0.0:
    resolution: {integrity: sha512-MSjYzcWNOA0ewAHpz0MxpYFvwg6yjy1NG3xteoqz644VCo/RPgnr1/GGt+ic3iJTzQ8Eu3TdM14SawnVUmGE6A==, registry: https://registry.yarnpkg.com/, tarball: https://registry.npmjs.org/emoji-regex/-/emoji-regex-8.0.0.tgz}
    name: emoji-regex
    version: 8.0.0
    dev: false

  registry.npmjs.org/filesize/10.0.12:
    resolution: {integrity: sha512-6RS9gDchbn+qWmtV2uSjo5vmKizgfCQeb5jKmqx8HyzA3MoLqqyQxN+QcjkGBJt7FjJ9qFce67Auyya5rRRbpw==, registry: https://registry.yarnpkg.com/, tarball: https://registry.npmjs.org/filesize/-/filesize-10.0.12.tgz}
    name: filesize
    version: 10.0.12
    engines: {node: '>= 10.4.0'}
    dev: false

  registry.npmjs.org/is-fullwidth-code-point/3.0.0:
    resolution: {integrity: sha512-zymm5+u+sCsSWyD9qNaejV3DFvhCKclKdizYaJUuHA83RLjb7nSuGnddCHGv0hk+KY7BMAlsWeK4Ueg6EV6XQg==, registry: https://registry.yarnpkg.com/, tarball: https://registry.npmjs.org/is-fullwidth-code-point/-/is-fullwidth-code-point-3.0.0.tgz}
    name: is-fullwidth-code-point
    version: 3.0.0
    engines: {node: '>=8'}
    dev: false

  registry.npmjs.org/string-width/4.2.3:
    resolution: {integrity: sha512-wKyQRQpjJ0sIp62ErSZdGsjMJWsap5oRNihHhu6G7JVO/9jIB6UyevL+tXuOqrng8j/cxKTWyWUwvSTriiZz/g==, registry: https://registry.yarnpkg.com/, tarball: https://registry.npmjs.org/string-width/-/string-width-4.2.3.tgz}
    name: string-width
    version: 4.2.3
    engines: {node: '>=8'}
    dependencies:
      emoji-regex: registry.npmjs.org/emoji-regex/8.0.0
      is-fullwidth-code-point: registry.npmjs.org/is-fullwidth-code-point/3.0.0
      strip-ansi: registry.npmjs.org/strip-ansi/6.0.1
    dev: false

  registry.npmjs.org/strip-ansi/6.0.1:
    resolution: {integrity: sha512-Y38VPSHcqkFrCpFnQ9vuSXmquuv5oXOKpGeT6aGrr3o3Gc9AlVa6JBfUSOCnbxGGZF+/0ooI7KrPuUSztUdU5A==, registry: https://registry.yarnpkg.com/, tarball: https://registry.npmjs.org/strip-ansi/-/strip-ansi-6.0.1.tgz}
    name: strip-ansi
    version: 6.0.1
    engines: {node: '>=8'}
    dependencies:
      ansi-regex: registry.npmjs.org/ansi-regex/5.0.1
    dev: false
